
Microsoft Visual Studio Solution File, Format Version 12.00
# Visual Studio 15
VisualStudioVersion = 15.0.27703.2026
MinimumVisualStudioVersion = 10.0.40219.1
Project("{FAE04EC0-301F-11D3-BF4B-00C04F79EFBC}") = "TicketSystem", "TicketSystem\TicketSystem.csproj", "{99F84F7F-1EAB-48AB-A2B7-ED02BB3144A9}"
EndProject
Project("{FAE04EC0-301F-11D3-BF4B-00C04F79EFBC}") = "TicketSystem.DataAccess", "TicketSystem.DataAccess\TicketSystem.DataAccess.csproj", "{F9F35198-4C6D-4123-A997-A5EC41472FAE}"
EndProject
Project("{FAE04EC0-301F-11D3-BF4B-00C04F79EFBC}") = "TicketSystem.Model", "TicketSystem.Model\TicketSystem.Model.csproj", "{8AE327FF-C244-47BD-B53A-8E6CE32E7CB5}"
EndProject
Global
	GlobalSection(SolutionConfigurationPlatforms) = preSolution
		Debug|Any CPU = Debug|Any CPU
		Release|Any CPU = Release|Any CPU
	EndGlobalSection
	GlobalSection(ProjectConfigurationPlatforms) = postSolution
		{99F84F7F-1EAB-48AB-A2B7-ED02BB3144A9}.Debug|Any CPU.ActiveCfg = Debug|Any CPU
		{99F84F7F-1EAB-48AB-A2B7-ED02BB3144A9}.Debug|Any CPU.Build.0 = Debug|Any CPU
		{99F84F7F-1EAB-48AB-A2B7-ED02BB3144A9}.Release|Any CPU.ActiveCfg = Release|Any CPU
		{99F84F7F-1EAB-48AB-A2B7-ED02BB3144A9}.Release|Any CPU.Build.0 = Release|Any CPU
		{F9F35198-4C6D-4123-A997-A5EC41472FAE}.Debug|Any CPU.ActiveCfg = Debug|Any CPU
		{F9F35198-4C6D-4123-A997-A5EC41472FAE}.Debug|Any CPU.Build.0 = Debug|Any CPU
		{F9F35198-4C6D-4123-A997-A5EC41472FAE}.Release|Any CPU.ActiveCfg = Release|Any CPU
		{F9F35198-4C6D-4123-A997-A5EC41472FAE}.Release|Any CPU.Build.0 = Release|Any CPU
		{8AE327FF-C244-47BD-B53A-8E6CE32E7CB5}.Debug|Any CPU.ActiveCfg = Debug|Any CPU
		{8AE327FF-C244-47BD-B53A-8E6CE32E7CB5}.Debug|Any CPU.Build.0 = Debug|Any CPU
		{8AE327FF-C244-47BD-B53A-8E6CE32E7CB5}.Release|Any CPU.ActiveCfg = Release|Any CPU
		{8AE327FF-C244-47BD-B53A-8E6CE32E7CB5}.Release|Any CPU.Build.0 = Release|Any CPU
	EndGlobalSection
	GlobalSection(SolutionProperties) = preSolution
		HideSolutionNode = FALSE
	EndGlobalSection
	GlobalSection(ExtensibilityGlobals) = postSolution
		SolutionGuid = {37128400-B4ED-47CD-A4C5-DEF56AD1F153}
	EndGlobalSection
EndGlobal
